
Microsoft Visual Studio Solution File, Format Version 12.00
# Visual Studio 2017
Project("{FAE04EC0-301F-11D3-BF4B-00C04F79EFBC}") = "AIBlock", "AIBlock.csproj", "{65808460-41CC-D275-73A9-03A0DF28FF63}"
EndProject
Global
	GlobalSection(SolutionConfigurationPlatforms) = preSolution
		Debug|Any CPU = Debug|Any CPU
		Release|Any CPU = Release|Any CPU
	EndGlobalSection
	GlobalSection(ProjectConfigurationPlatforms) = postSolution
		{65808460-41CC-D275-73A9-03A0DF28FF63}.Debug|Any CPU.ActiveCfg = Debug|Any CPU
		{65808460-41CC-D275-73A9-03A0DF28FF63}.Debug|Any CPU.Build.0 = Debug|Any CPU
		{65808460-41CC-D275-73A9-03A0DF28FF63}.Release|Any CPU.ActiveCfg = Release|Any CPU
		{65808460-41CC-D275-73A9-03A0DF28FF63}.Release|Any CPU.Build.0 = Release|Any CPU
	EndGlobalSection
	GlobalSection(SolutionProperties) = preSolution
		HideSolutionNode = FALSE
	EndGlobalSection
EndGlobal
