
Microsoft Visual Studio Solution File, Format Version 12.00
# Visual Studio 2017
Project("{FAE04EC0-301F-11D3-BF4B-00C04F79EFBC}") = "GameMap", "GameMap.csproj", "{38653C1A-3B1F-8D33-1388-FF29C0426CE6}"
EndProject
Global
	GlobalSection(SolutionConfigurationPlatforms) = preSolution
		Debug|Any CPU = Debug|Any CPU
		Release|Any CPU = Release|Any CPU
	EndGlobalSection
	GlobalSection(ProjectConfigurationPlatforms) = postSolution
		{38653C1A-3B1F-8D33-1388-FF29C0426CE6}.Debug|Any CPU.ActiveCfg = Debug|Any CPU
		{38653C1A-3B1F-8D33-1388-FF29C0426CE6}.Debug|Any CPU.Build.0 = Debug|Any CPU
		{38653C1A-3B1F-8D33-1388-FF29C0426CE6}.Release|Any CPU.ActiveCfg = Release|Any CPU
		{38653C1A-3B1F-8D33-1388-FF29C0426CE6}.Release|Any CPU.Build.0 = Release|Any CPU
	EndGlobalSection
	GlobalSection(SolutionProperties) = preSolution
		HideSolutionNode = FALSE
	EndGlobalSection
EndGlobal
